
Microsoft Visual Studio Solution File, Format Version 12.00
# Visual Studio Version 17
VisualStudioVersion = 17.4.33103.184
MinimumVisualStudioVersion = 10.0.40219.1
Project("{FAE04EC0-301F-11D3-BF4B-00C04F79EFBC}") = "WebApplication7", "WebApplication7\WebApplication7.csproj", "{484A4E1A-2695-4A4E-813A-91C65BFA047B}"
EndProject
Global
	GlobalSection(SolutionConfigurationPlatforms) = preSolution
		Debug|Any CPU = Debug|Any CPU
		Release|Any CPU = Release|Any CPU
	EndGlobalSection
	GlobalSection(ProjectConfigurationPlatforms) = postSolution
		{484A4E1A-2695-4A4E-813A-91C65BFA047B}.Debug|Any CPU.ActiveCfg = Debug|Any CPU
		{484A4E1A-2695-4A4E-813A-91C65BFA047B}.Debug|Any CPU.Build.0 = Debug|Any CPU
		{484A4E1A-2695-4A4E-813A-91C65BFA047B}.Release|Any CPU.ActiveCfg = Release|Any CPU
		{484A4E1A-2695-4A4E-813A-91C65BFA047B}.Release|Any CPU.Build.0 = Release|Any CPU
	EndGlobalSection
	GlobalSection(SolutionProperties) = preSolution
		HideSolutionNode = FALSE
	EndGlobalSection
	GlobalSection(ExtensibilityGlobals) = postSolution
		SolutionGuid = {643FA55D-8C22-459E-B52F-FBA2BA47A499}
	EndGlobalSection
EndGlobal
